
Microsoft Visual Studio Solution File, Format Version 12.00
# Visual Studio 15
VisualStudioVersion = 15.0.27703.2018
MinimumVisualStudioVersion = 10.0.40219.1
Project("{FAE04EC0-301F-11D3-BF4B-00C04F79EFBC}") = "FinalProject -Part1", "FinalProject -Part1\FinalProject -Part1.csproj", "{275DF4ED-5A62-4155-9D60-7A518508FCF4}"
EndProject
Project("{FAE04EC0-301F-11D3-BF4B-00C04F79EFBC}") = "GameService", "GameService\GameService.csproj", "{4FDD6F04-184B-4BAA-A87D-F86D422FF1E1}"
EndProject
Global
	GlobalSection(SolutionConfigurationPlatforms) = preSolution
		Debug|Any CPU = Debug|Any CPU
		Release|Any CPU = Release|Any CPU
	EndGlobalSection
	GlobalSection(ProjectConfigurationPlatforms) = postSolution
		{275DF4ED-5A62-4155-9D60-7A518508FCF4}.Debug|Any CPU.ActiveCfg = Debug|Any CPU
		{275DF4ED-5A62-4155-9D60-7A518508FCF4}.Debug|Any CPU.Build.0 = Debug|Any CPU
		{275DF4ED-5A62-4155-9D60-7A518508FCF4}.Release|Any CPU.ActiveCfg = Release|Any CPU
		{275DF4ED-5A62-4155-9D60-7A518508FCF4}.Release|Any CPU.Build.0 = Release|Any CPU
		{4FDD6F04-184B-4BAA-A87D-F86D422FF1E1}.Debug|Any CPU.ActiveCfg = Debug|Any CPU
		{4FDD6F04-184B-4BAA-A87D-F86D422FF1E1}.Debug|Any CPU.Build.0 = Debug|Any CPU
		{4FDD6F04-184B-4BAA-A87D-F86D422FF1E1}.Release|Any CPU.ActiveCfg = Release|Any CPU
		{4FDD6F04-184B-4BAA-A87D-F86D422FF1E1}.Release|Any CPU.Build.0 = Release|Any CPU
	EndGlobalSection
	GlobalSection(SolutionProperties) = preSolution
		HideSolutionNode = FALSE
	EndGlobalSection
	GlobalSection(ExtensibilityGlobals) = postSolution
		SolutionGuid = {F04FB287-8415-42B2-8BB8-EA9F8D0D3AE1}
	EndGlobalSection
EndGlobal
